// !$*UTF8*$!
{
	archiveVersion = 1;
	classes = {
	};
	objectVersion = 46;
	objects = {
/* Begin PBXBuildFile section */
		0207DA581B56EA530066E2B4 /* Images.xcassets in Resources */ = {isa = PBXBuildFile; fileRef = 0207DA571B56EA530066E2B4 /* Images.xcassets */; };
		1D3623260D0F684500981E51 /* AppDelegate.m in Sources */ = {isa = PBXBuildFile; fileRef = 1D3623250D0F684500981E51 /* AppDelegate.m */; };
		1D60589B0D05DD56006BFB54 /* main.m in Sources */ = {isa = PBXBuildFile; fileRef = 29B97316FDCFA39411CA2CEA /* main.m */; };
		301BF552109A68D80062928A /* libCordova.a in Frameworks */ = {isa = PBXBuildFile; fileRef = 301BF535109A57CC0062928A /* libCordova.a */; };
		302D95F114D2391D003F00A1 /* MainViewController.m in Sources */ = {isa = PBXBuildFile; fileRef = 302D95EF14D2391D003F00A1 /* MainViewController.m */; };
		302D95F214D2391D003F00A1 /* MainViewController.xib in Resources */ = {isa = PBXBuildFile; fileRef = 302D95F014D2391D003F00A1 /* MainViewController.xib */; };
		3047A5121AB8059700498E2A /* build-debug.xcconfig in Resources */ = {isa = PBXBuildFile; fileRef = 3047A50F1AB8059700498E2A /* build-debug.xcconfig */; };
		3047A5131AB8059700498E2A /* build-release.xcconfig in Resources */ = {isa = PBXBuildFile; fileRef = 3047A5101AB8059700498E2A /* build-release.xcconfig */; };
		3047A5141AB8059700498E2A /* build.xcconfig in Resources */ = {isa = PBXBuildFile; fileRef = 3047A5111AB8059700498E2A /* build.xcconfig */; };
		437369FC75C14B768B26DB10 /* CDVBattery.m in Sources */ = {isa = PBXBuildFile; fileRef = 0AACAD9430F347C29819C5F8 /* CDVBattery.m */; };
		655FAC8E31D04F53B3DCBA12 /* UIImage+CropScaleOrientation.m in Sources */ = {isa = PBXBuildFile; fileRef = 234E27816EF344828BA7085F /* UIImage+CropScaleOrientation.m */; };
		880BD7C159714935A9318CAB /* CDVCamera.m in Sources */ = {isa = PBXBuildFile; fileRef = 03333F9C5F9940C785E6BC32 /* CDVCamera.m */; };
		9838A12255C5449B81B25C64 /* CDVJpegHeaderWriter.m in Sources */ = {isa = PBXBuildFile; fileRef = 62BBF14AC30F442C8A6B47FC /* CDVJpegHeaderWriter.m */; };
		54C57C8A0CA54A1E9A8BEDB6 /* ImageIO.framework in Frameworks */ = {isa = PBXBuildFile; fileRef = 49A6A7231E074BEC948ABB5A /* ImageIO.framework */; settings = {ATTRIBUTES = (Weak, ); }; };
		0051CACE5ABA4267B9EF5D60 /* CoreLocation.framework in Frameworks */ = {isa = PBXBuildFile; fileRef = 7B69BD37D0644697A17E8EA7 /* CoreLocation.framework */; };
		3C291B64D3FA41F8AEF04FBF /* AVFoundation.framework in Frameworks */ = {isa = PBXBuildFile; fileRef = 8FA80AEA528A4BE2984962AE /* AVFoundation.framework */; };
		6FC44F8CBB07416590F2015D /* CDVLogger.m in Sources */ = {isa = PBXBuildFile; fileRef = A75541B778B64518A1D725AC /* CDVLogger.m */; };
		AFBE0208D7384CE6A1115E3D /* CDVContacts.m in Sources */ = {isa = PBXBuildFile; fileRef = 315C3C7B8A9B4CC9B1DDF8FF /* CDVContacts.m */; };
		A9774E6636774AC79754E97E /* CDVContact.m in Sources */ = {isa = PBXBuildFile; fileRef = 7427642EF6764DE0BB4AA68A /* CDVContact.m */; };
		98A1BC12DA054056A299104A /* AddressBook.framework in Frameworks */ = {isa = PBXBuildFile; fileRef = 6677A9B4888A41C8B11E4BE1 /* AddressBook.framework */; settings = {ATTRIBUTES = (Weak, ); }; };
		2ACEA767579B4ACCB013C674 /* AddressBookUI.framework in Frameworks */ = {isa = PBXBuildFile; fileRef = 0BF56F0281DE4B68B9836098 /* AddressBookUI.framework */; settings = {ATTRIBUTES = (Weak, ); }; };
		49A08BB4F63A406D8A51AF92 /* CDVDevice.m in Sources */ = {isa = PBXBuildFile; fileRef = E9193EA0A1D5470FAA8BC973 /* CDVDevice.m */; };
		96156DFCCFE343618A175D27 /* CDVAccelerometer.m in Sources */ = {isa = PBXBuildFile; fileRef = 99A0ACB669224A3AAC05CC5C /* CDVAccelerometer.m */; };
		AC20AA209A684747ACA01D96 /* CoreMotion.framework in Frameworks */ = {isa = PBXBuildFile; fileRef = 23B7082FE20349DF97968D9F /* CoreMotion.framework */; };
		9E49F3347AE549DC86B7C84B /* CDVCompass.m in Sources */ = {isa = PBXBuildFile; fileRef = D1C39FD794054D2B883E958C /* CDVCompass.m */; };
		9F6AEEE7BAE040A183ACB3B6 /* CDVNotification.m in Sources */ = {isa = PBXBuildFile; fileRef = 8EB678B55F994EB5AB593D1A /* CDVNotification.m */; };
		1A0FED9C157E4A88942C8B38 /* CDVNotification.bundle in Resources */ = {isa = PBXBuildFile; fileRef = EA0269B886DC4CD685073205 /* CDVNotification.bundle */; };
		1752B67194CD4815A82EE100 /* AudioToolbox.framework in Frameworks */ = {isa = PBXBuildFile; fileRef = 0573F350407444D0AAFE7FCC /* AudioToolbox.framework */; settings = {ATTRIBUTES = (Weak, ); }; };
		B6A4D0C6E39247109D5C4ABD /* CDVFile.m in Sources */ = {isa = PBXBuildFile; fileRef = D3FBA43F1D744D029EE1ACB7 /* CDVFile.m */; };
		91E5EACAA3F745B2B84543E0 /* CDVLocalFilesystem.m in Sources */ = {isa = PBXBuildFile; fileRef = 9522B858296341E98B5D8461 /* CDVLocalFilesystem.m */; };
		2B6A15F148684A99B3CEDAF8 /* CDVAssetLibraryFilesystem.m in Sources */ = {isa = PBXBuildFile; fileRef = 2DF453CC1BAF48F597356317 /* CDVAssetLibraryFilesystem.m */; };
		692B262A9A9F483FBC762BB9 /* CDVFileTransfer.m in Sources */ = {isa = PBXBuildFile; fileRef = 94A2E6BFA46B4848A78EC4A2 /* CDVFileTransfer.m */; };
		4D47DC5C76324831B79321AF /* CDVLocation.m in Sources */ = {isa = PBXBuildFile; fileRef = AE7E80CD37DF4444B8D3C724 /* CDVLocation.m */; };
		5CCA006877D74DFFA6B4B986 /* CDVGlobalization.m in Sources */ = {isa = PBXBuildFile; fileRef = 6263FD6BD5DF4C2C916A1C9B /* CDVGlobalization.m */; };
		2C55274510874571AC4815EE /* CDVInAppBrowser.m in Sources */ = {isa = PBXBuildFile; fileRef = D2240AA0D6164624B71994A0 /* CDVInAppBrowser.m */; };
		5FC2FF01DD9D4AA194BA3F49 /* CDVSound.m in Sources */ = {isa = PBXBuildFile; fileRef = 82BDA52DEB404C878361A99B /* CDVSound.m */; };
		ECE37D0E233B47898B0240DD /* CDVCapture.m in Sources */ = {isa = PBXBuildFile; fileRef = A53940B6D63D4D9195814945 /* CDVCapture.m */; };
		D73D1009FB2E40D29A75BA4E /* CDVCapture.bundle in Resources */ = {isa = PBXBuildFile; fileRef = 2BB519FB92F24DE79BAC3252 /* CDVCapture.bundle */; };
		9BEC7670ECBF409584F0E451 /* CDVConnection.m in Sources */ = {isa = PBXBuildFile; fileRef = 642BA12C42CB421DA2400559 /* CDVConnection.m */; };
		AA47BB41D54B48E6AC0FBF2E /* CDVReachability.m in Sources */ = {isa = PBXBuildFile; fileRef = A730EB0BCC184B06AAB1D424 /* CDVReachability.m */; };
		A04A07E7051A4CE894174A0C /* SystemConfiguration.framework in Frameworks */ = {isa = PBXBuildFile; fileRef = BEDA857389B74BC4ACEC4E50 /* SystemConfiguration.framework */; settings = {ATTRIBUTES = (Weak, ); }; };
		75EAC7FBB4D94D22BB4141D1 /* CoreTelephony.framework in Frameworks */ = {isa = PBXBuildFile; fileRef = 4DD1BFF981294659AF84F2BA /* CoreTelephony.framework */; };
		C5616987EB894D29BFD7C9F0 /* CDVSplashScreen.m in Sources */ = {isa = PBXBuildFile; fileRef = 56C5196947EF4CF996044FEB /* CDVSplashScreen.m */; };
		890B1FBB049245E0825382A1 /* CDVViewController+SplashScreen.m in Sources */ = {isa = PBXBuildFile; fileRef = A448A321FEB34565AC4D3A05 /* CDVViewController+SplashScreen.m */; };
		3E7A710125E14755ABBE01CC /* CDVStatusBar.m in Sources */ = {isa = PBXBuildFile; fileRef = 6768E2466C4345E68FEAC1BC /* CDVStatusBar.m */; };
		F27B444D8B8645748EE281C3 /* CDVVibration.m in Sources */ = {isa = PBXBuildFile; fileRef = A7D18D420846454A9D23D281 /* CDVVibration.m */; };
		957D6AFCDD6F4A52802D5DEB /* IonicKeyboard.m in Sources */ = {isa = PBXBuildFile; fileRef = A62FC31913744E9BBD474357 /* IonicKeyboard.m */; };
/* End PBXBuildFile section */

/* Begin PBXContainerItemProxy section */
		301BF534109A57CC0062928A /* PBXContainerItemProxy */ = {
			isa = PBXContainerItemProxy;
			containerPortal = 301BF52D109A57CC0062928A /* CordovaLib.xcodeproj */;
			proxyType = 2;
			remoteGlobalIDString = D2AAC07E0554694100DB518D;
			remoteInfo = CordovaLib;
		};
		301BF550109A68C00062928A /* PBXContainerItemProxy */ = {
			isa = PBXContainerItemProxy;
			containerPortal = 301BF52D109A57CC0062928A /* CordovaLib.xcodeproj */;
			proxyType = 1;
			remoteGlobalIDString = D2AAC07D0554694100DB518D;
			remoteInfo = CordovaLib;
		};
/* End PBXContainerItemProxy section */

/* Begin PBXFileReference section */
		0207DA571B56EA530066E2B4 /* Images.xcassets */ = {isa = PBXFileReference; lastKnownFileType = folder.assetcatalog; name = Images.xcassets; path = "phd911/Images.xcassets"; sourceTree = SOURCE_ROOT; };
		1D3623240D0F684500981E51 /* AppDelegate.h */ = {isa = PBXFileReference; fileEncoding = 4; lastKnownFileType = sourcecode.c.h; path = AppDelegate.h; sourceTree = "<group>"; };
		1D3623250D0F684500981E51 /* AppDelegate.m */ = {isa = PBXFileReference; fileEncoding = 4; lastKnownFileType = sourcecode.c.objc; path = AppDelegate.m; sourceTree = "<group>"; };
		1D6058910D05DD3D006BFB54 /* phd911.app */ = {isa = PBXFileReference; explicitFileType = wrapper.application; includeInIndex = 0; path = "phd911.app"; sourceTree = BUILT_PRODUCTS_DIR; };
		29B97316FDCFA39411CA2CEA /* main.m */ = {isa = PBXFileReference; fileEncoding = 4; lastKnownFileType = sourcecode.c.objc; path = main.m; sourceTree = "<group>"; };
		301BF52D109A57CC0062928A /* CordovaLib.xcodeproj */ = {isa = PBXFileReference; lastKnownFileType = "wrapper.pb-project"; name = CordovaLib.xcodeproj; path = CordovaLib/CordovaLib.xcodeproj; sourceTree = "<group>"; };
		301BF56E109A69640062928A /* www */ = {isa = PBXFileReference; lastKnownFileType = folder; path = www; sourceTree = SOURCE_ROOT; };
		302D95EE14D2391D003F00A1 /* MainViewController.h */ = {isa = PBXFileReference; fileEncoding = 4; lastKnownFileType = sourcecode.c.h; path = MainViewController.h; sourceTree = "<group>"; };
		302D95EF14D2391D003F00A1 /* MainViewController.m */ = {isa = PBXFileReference; fileEncoding = 4; lastKnownFileType = sourcecode.c.objc; path = MainViewController.m; sourceTree = "<group>"; };
		302D95F014D2391D003F00A1 /* MainViewController.xib */ = {isa = PBXFileReference; fileEncoding = 4; lastKnownFileType = file.xib; path = MainViewController.xib; sourceTree = "<group>"; };
		3047A50F1AB8059700498E2A /* build-debug.xcconfig */ = {isa = PBXFileReference; fileEncoding = 4; lastKnownFileType = text.xcconfig; name = "build-debug.xcconfig"; path = cordova/build-debug.xcconfig; sourceTree = SOURCE_ROOT; };
		3047A5101AB8059700498E2A /* build-release.xcconfig */ = {isa = PBXFileReference; fileEncoding = 4; lastKnownFileType = text.xcconfig; name = "build-release.xcconfig"; path = cordova/build-release.xcconfig; sourceTree = SOURCE_ROOT; };
		3047A5111AB8059700498E2A /* build.xcconfig */ = {isa = PBXFileReference; fileEncoding = 4; lastKnownFileType = text.xcconfig; name = build.xcconfig; path = cordova/build.xcconfig; sourceTree = SOURCE_ROOT; };
		32CA4F630368D1EE00C91783 /* phd911-Prefix.pch */ = {isa = PBXFileReference; fileEncoding = 4; lastKnownFileType = sourcecode.c.h; path = "phd911-Prefix.pch"; sourceTree = "<group>"; };
		8D1107310486CEB800E47090 /* phd911-Info.plist */ = {isa = PBXFileReference; fileEncoding = 4; lastKnownFileType = text.plist.xml; name = "phd911-Info.plist"; path = "phd911/phd911-Info.plist"; plistStructureDefinitionIdentifier = "com.apple.xcode.plist.structure-definition.iphone.info-plist"; sourceTree = SOURCE_ROOT; };
		EB87FDF31871DA8E0020F90C /* www */ = {isa = PBXFileReference; lastKnownFileType = folder; name = www; path = ../../www; sourceTree = "<group>"; };
		EB87FDF41871DAF40020F90C /* config.xml */ = {isa = PBXFileReference; lastKnownFileType = text.xml; name = config.xml; path = ../../config.xml; sourceTree = "<group>"; };
		F840E1F0165FE0F500CFE078 /* config.xml */ = {isa = PBXFileReference; lastKnownFileType = text.xml; name = config.xml; path = "phd911/config.xml"; sourceTree = "<group>"; };
		ED33DF2A687741AEAF9F8254 /* Bridging-Header.h */ = {isa = PBXFileReference; fileEncoding = 4; lastKnownFileType = sourcecode.c.h; name = "Bridging-Header.h"; path = "Bridging-Header.h"; sourceTree = "<group>"; };
		0AACAD9430F347C29819C5F8 /* CDVBattery.m */ = {isa = PBXFileReference; name = "CDVBattery.m"; path = "cordova-plugin-battery-status/CDVBattery.m"; sourceTree = "<group>"; fileEncoding = 4; lastKnownFileType = sourcecode.c.objc; explicitFileType = undefined; includeInIndex = 0; };
		0A601F0CA99341B6829E2348 /* CDVBattery.h */ = {isa = PBXFileReference; name = "CDVBattery.h"; path = "cordova-plugin-battery-status/CDVBattery.h"; sourceTree = "<group>"; fileEncoding = 4; lastKnownFileType = sourcecode.c.h; explicitFileType = undefined; includeInIndex = 0; };
		234E27816EF344828BA7085F /* UIImage+CropScaleOrientation.m */ = {isa = PBXFileReference; name = "UIImage+CropScaleOrientation.m"; path = "cordova-plugin-camera/UIImage+CropScaleOrientation.m"; sourceTree = "<group>"; fileEncoding = 4; lastKnownFileType = sourcecode.c.objc; explicitFileType = undefined; includeInIndex = 0; };
		03333F9C5F9940C785E6BC32 /* CDVCamera.m */ = {isa = PBXFileReference; name = "CDVCamera.m"; path = "cordova-plugin-camera/CDVCamera.m"; sourceTree = "<group>"; fileEncoding = 4; lastKnownFileType = sourcecode.c.objc; explicitFileType = undefined; includeInIndex = 0; };
		62BBF14AC30F442C8A6B47FC /* CDVJpegHeaderWriter.m */ = {isa = PBXFileReference; name = "CDVJpegHeaderWriter.m"; path = "cordova-plugin-camera/CDVJpegHeaderWriter.m"; sourceTree = "<group>"; fileEncoding = 4; lastKnownFileType = sourcecode.c.objc; explicitFileType = undefined; includeInIndex = 0; };
		4183746914C3447B9DA22B87 /* UIImage+CropScaleOrientation.h */ = {isa = PBXFileReference; name = "UIImage+CropScaleOrientation.h"; path = "cordova-plugin-camera/UIImage+CropScaleOrientation.h"; sourceTree = "<group>"; fileEncoding = 4; lastKnownFileType = sourcecode.c.h; explicitFileType = undefined; includeInIndex = 0; };
		747B408B3701466385D6BD85 /* CDVCamera.h */ = {isa = PBXFileReference; name = "CDVCamera.h"; path = "cordova-plugin-camera/CDVCamera.h"; sourceTree = "<group>"; fileEncoding = 4; lastKnownFileType = sourcecode.c.h; explicitFileType = undefined; includeInIndex = 0; };
		5BF58FFF99D443DEB80F54FD /* CDVJpegHeaderWriter.h */ = {isa = PBXFileReference; name = "CDVJpegHeaderWriter.h"; path = "cordova-plugin-camera/CDVJpegHeaderWriter.h"; sourceTree = "<group>"; fileEncoding = 4; lastKnownFileType = sourcecode.c.h; explicitFileType = undefined; includeInIndex = 0; };
		432C36B817CB4CC4B0D9828E /* CDVExif.h */ = {isa = PBXFileReference; name = "CDVExif.h"; path = "cordova-plugin-camera/CDVExif.h"; sourceTree = "<group>"; fileEncoding = 4; lastKnownFileType = sourcecode.c.h; explicitFileType = undefined; includeInIndex = 0; };
		49A6A7231E074BEC948ABB5A /* ImageIO.framework */ = {isa = PBXFileReference; name = "ImageIO.framework"; path = "System/Library/Frameworks/ImageIO.framework"; sourceTree = SDKROOT; fileEncoding = undefined; lastKnownFileType = wrapper.framework; explicitFileType = undefined; includeInIndex = 0; };
		7B69BD37D0644697A17E8EA7 /* CoreLocation.framework */ = {isa = PBXFileReference; name = "CoreLocation.framework"; path = "System/Library/Frameworks/CoreLocation.framework"; sourceTree = SDKROOT; fileEncoding = undefined; lastKnownFileType = wrapper.framework; explicitFileType = undefined; includeInIndex = 0; };
		8FA80AEA528A4BE2984962AE /* AVFoundation.framework */ = {isa = PBXFileReference; name = "AVFoundation.framework"; path = "System/Library/Frameworks/AVFoundation.framework"; sourceTree = SDKROOT; fileEncoding = undefined; lastKnownFileType = wrapper.framework; explicitFileType = undefined; includeInIndex = 0; };
		A75541B778B64518A1D725AC /* CDVLogger.m */ = {isa = PBXFileReference; name = "CDVLogger.m"; path = "cordova-plugin-console/CDVLogger.m"; sourceTree = "<group>"; fileEncoding = 4; lastKnownFileType = sourcecode.c.objc; explicitFileType = undefined; includeInIndex = 0; };
		558F90D82D5D4A7280A129CE /* CDVLogger.h */ = {isa = PBXFileReference; name = "CDVLogger.h"; path = "cordova-plugin-console/CDVLogger.h"; sourceTree = "<group>"; fileEncoding = 4; lastKnownFileType = sourcecode.c.h; explicitFileType = undefined; includeInIndex = 0; };
		315C3C7B8A9B4CC9B1DDF8FF /* CDVContacts.m */ = {isa = PBXFileReference; name = "CDVContacts.m"; path = "cordova-plugin-contacts/CDVContacts.m"; sourceTree = "<group>"; fileEncoding = 4; lastKnownFileType = sourcecode.c.objc; explicitFileType = undefined; includeInIndex = 0; };
		7427642EF6764DE0BB4AA68A /* CDVContact.m */ = {isa = PBXFileReference; name = "CDVContact.m"; path = "cordova-plugin-contacts/CDVContact.m"; sourceTree = "<group>"; fileEncoding = 4; lastKnownFileType = sourcecode.c.objc; explicitFileType = undefined; includeInIndex = 0; };
		79502FE241E0496FB748A0D8 /* CDVContacts.h */ = {isa = PBXFileReference; name = "CDVContacts.h"; path = "cordova-plugin-contacts/CDVContacts.h"; sourceTree = "<group>"; fileEncoding = 4; lastKnownFileType = sourcecode.c.h; explicitFileType = undefined; includeInIndex = 0; };
		8990E7632FB545BDB027AF28 /* CDVContact.h */ = {isa = PBXFileReference; name = "CDVContact.h"; path = "cordova-plugin-contacts/CDVContact.h"; sourceTree = "<group>"; fileEncoding = 4; lastKnownFileType = sourcecode.c.h; explicitFileType = undefined; includeInIndex = 0; };
		6677A9B4888A41C8B11E4BE1 /* AddressBook.framework */ = {isa = PBXFileReference; name = "AddressBook.framework"; path = "System/Library/Frameworks/AddressBook.framework"; sourceTree = SDKROOT; fileEncoding = undefined; lastKnownFileType = wrapper.framework; explicitFileType = undefined; includeInIndex = 0; };
		0BF56F0281DE4B68B9836098 /* AddressBookUI.framework */ = {isa = PBXFileReference; name = "AddressBookUI.framework"; path = "System/Library/Frameworks/AddressBookUI.framework"; sourceTree = SDKROOT; fileEncoding = undefined; lastKnownFileType = wrapper.framework; explicitFileType = undefined; includeInIndex = 0; };
		E9193EA0A1D5470FAA8BC973 /* CDVDevice.m */ = {isa = PBXFileReference; name = "CDVDevice.m"; path = "cordova-plugin-device/CDVDevice.m"; sourceTree = "<group>"; fileEncoding = 4; lastKnownFileType = sourcecode.c.objc; explicitFileType = undefined; includeInIndex = 0; };
		223CC7F85DF441C2B98AE222 /* CDVDevice.h */ = {isa = PBXFileReference; name = "CDVDevice.h"; path = "cordova-plugin-device/CDVDevice.h"; sourceTree = "<group>"; fileEncoding = 4; lastKnownFileType = sourcecode.c.h; explicitFileType = undefined; includeInIndex = 0; };
		99A0ACB669224A3AAC05CC5C /* CDVAccelerometer.m */ = {isa = PBXFileReference; name = "CDVAccelerometer.m"; path = "cordova-plugin-device-motion/CDVAccelerometer.m"; sourceTree = "<group>"; fileEncoding = 4; lastKnownFileType = sourcecode.c.objc; explicitFileType = undefined; includeInIndex = 0; };
		487D25655D444CA18FDEE19D /* CDVAccelerometer.h */ = {isa = PBXFileReference; name = "CDVAccelerometer.h"; path = "cordova-plugin-device-motion/CDVAccelerometer.h"; sourceTree = "<group>"; fileEncoding = 4; lastKnownFileType = sourcecode.c.h; explicitFileType = undefined; includeInIndex = 0; };
		23B7082FE20349DF97968D9F /* CoreMotion.framework */ = {isa = PBXFileReference; name = "CoreMotion.framework"; path = "System/Library/Frameworks/CoreMotion.framework"; sourceTree = SDKROOT; fileEncoding = undefined; lastKnownFileType = wrapper.framework; explicitFileType = undefined; includeInIndex = 0; };
		D1C39FD794054D2B883E958C /* CDVCompass.m */ = {isa = PBXFileReference; name = "CDVCompass.m"; path = "cordova-plugin-device-orientation/CDVCompass.m"; sourceTree = "<group>"; fileEncoding = 4; lastKnownFileType = sourcecode.c.objc; explicitFileType = undefined; includeInIndex = 0; };
		55D2D17D5F6145C08F3EB590 /* CDVCompass.h */ = {isa = PBXFileReference; name = "CDVCompass.h"; path = "cordova-plugin-device-orientation/CDVCompass.h"; sourceTree = "<group>"; fileEncoding = 4; lastKnownFileType = sourcecode.c.h; explicitFileType = undefined; includeInIndex = 0; };
		8EB678B55F994EB5AB593D1A /* CDVNotification.m */ = {isa = PBXFileReference; name = "CDVNotification.m"; path = "cordova-plugin-dialogs/CDVNotification.m"; sourceTree = "<group>"; fileEncoding = 4; lastKnownFileType = sourcecode.c.objc; explicitFileType = undefined; includeInIndex = 0; };
		C47A0D0F91A54217B00AF344 /* CDVNotification.h */ = {isa = PBXFileReference; name = "CDVNotification.h"; path = "cordova-plugin-dialogs/CDVNotification.h"; sourceTree = "<group>"; fileEncoding = 4; lastKnownFileType = sourcecode.c.h; explicitFileType = undefined; includeInIndex = 0; };
		EA0269B886DC4CD685073205 /* CDVNotification.bundle */ = {isa = PBXFileReference; name = "CDVNotification.bundle"; path = "CDVNotification.bundle"; sourceTree = "<group>"; fileEncoding = undefined; lastKnownFileType = wrapper.plug-in; explicitFileType = undefined; includeInIndex = 0; };
		0573F350407444D0AAFE7FCC /* AudioToolbox.framework */ = {isa = PBXFileReference; name = "AudioToolbox.framework"; path = "System/Library/Frameworks/AudioToolbox.framework"; sourceTree = SDKROOT; fileEncoding = undefined; lastKnownFileType = wrapper.framework; explicitFileType = undefined; includeInIndex = 0; };
		D3FBA43F1D744D029EE1ACB7 /* CDVFile.m */ = {isa = PBXFileReference; name = "CDVFile.m"; path = "cordova-plugin-file/CDVFile.m"; sourceTree = "<group>"; fileEncoding = 4; lastKnownFileType = sourcecode.c.objc; explicitFileType = undefined; includeInIndex = 0; };
		9522B858296341E98B5D8461 /* CDVLocalFilesystem.m */ = {isa = PBXFileReference; name = "CDVLocalFilesystem.m"; path = "cordova-plugin-file/CDVLocalFilesystem.m"; sourceTree = "<group>"; fileEncoding = 4; lastKnownFileType = sourcecode.c.objc; explicitFileType = undefined; includeInIndex = 0; };
		2DF453CC1BAF48F597356317 /* CDVAssetLibraryFilesystem.m */ = {isa = PBXFileReference; name = "CDVAssetLibraryFilesystem.m"; path = "cordova-plugin-file/CDVAssetLibraryFilesystem.m"; sourceTree = "<group>"; fileEncoding = 4; lastKnownFileType = sourcecode.c.objc; explicitFileType = undefined; includeInIndex = 0; };
		F0B6D4322959409FB3D29B67 /* CDVFile.h */ = {isa = PBXFileReference; name = "CDVFile.h"; path = "cordova-plugin-file/CDVFile.h"; sourceTree = "<group>"; fileEncoding = 4; lastKnownFileType = sourcecode.c.h; explicitFileType = undefined; includeInIndex = 0; };
		629B0E695EC04FDE8E83AF41 /* CDVLocalFilesystem.h */ = {isa = PBXFileReference; name = "CDVLocalFilesystem.h"; path = "cordova-plugin-file/CDVLocalFilesystem.h"; sourceTree = "<group>"; fileEncoding = 4; lastKnownFileType = sourcecode.c.h; explicitFileType = undefined; includeInIndex = 0; };
		04DDE83AE24942F1B2D36073 /* CDVAssetLibraryFilesystem.h */ = {isa = PBXFileReference; name = "CDVAssetLibraryFilesystem.h"; path = "cordova-plugin-file/CDVAssetLibraryFilesystem.h"; sourceTree = "<group>"; fileEncoding = 4; lastKnownFileType = sourcecode.c.h; explicitFileType = undefined; includeInIndex = 0; };
		94A2E6BFA46B4848A78EC4A2 /* CDVFileTransfer.m */ = {isa = PBXFileReference; name = "CDVFileTransfer.m"; path = "cordova-plugin-file-transfer/CDVFileTransfer.m"; sourceTree = "<group>"; fileEncoding = 4; lastKnownFileType = sourcecode.c.objc; explicitFileType = undefined; includeInIndex = 0; };
		A7518C0069D14A1FA8A36B21 /* CDVFileTransfer.h */ = {isa = PBXFileReference; name = "CDVFileTransfer.h"; path = "cordova-plugin-file-transfer/CDVFileTransfer.h"; sourceTree = "<group>"; fileEncoding = 4; lastKnownFileType = sourcecode.c.h; explicitFileType = undefined; includeInIndex = 0; };
		AE7E80CD37DF4444B8D3C724 /* CDVLocation.m */ = {isa = PBXFileReference; name = "CDVLocation.m"; path = "cordova-plugin-geolocation/CDVLocation.m"; sourceTree = "<group>"; fileEncoding = 4; lastKnownFileType = sourcecode.c.objc; explicitFileType = undefined; includeInIndex = 0; };
		5AD332761A994180940A56CE /* CDVLocation.h */ = {isa = PBXFileReference; name = "CDVLocation.h"; path = "cordova-plugin-geolocation/CDVLocation.h"; sourceTree = "<group>"; fileEncoding = 4; lastKnownFileType = sourcecode.c.h; explicitFileType = undefined; includeInIndex = 0; };
		6263FD6BD5DF4C2C916A1C9B /* CDVGlobalization.m */ = {isa = PBXFileReference; name = "CDVGlobalization.m"; path = "cordova-plugin-globalization/CDVGlobalization.m"; sourceTree = "<group>"; fileEncoding = 4; lastKnownFileType = sourcecode.c.objc; explicitFileType = undefined; includeInIndex = 0; };
		9D0E555C64214C5F9B74AC10 /* CDVGlobalization.h */ = {isa = PBXFileReference; name = "CDVGlobalization.h"; path = "cordova-plugin-globalization/CDVGlobalization.h"; sourceTree = "<group>"; fileEncoding = 4; lastKnownFileType = sourcecode.c.h; explicitFileType = undefined; includeInIndex = 0; };
		D2240AA0D6164624B71994A0 /* CDVInAppBrowser.m */ = {isa = PBXFileReference; name = "CDVInAppBrowser.m"; path = "cordova-plugin-inappbrowser/CDVInAppBrowser.m"; sourceTree = "<group>"; fileEncoding = 4; lastKnownFileType = sourcecode.c.objc; explicitFileType = undefined; includeInIndex = 0; };
		830F9DD6898F412492B56490 /* CDVInAppBrowser.h */ = {isa = PBXFileReference; name = "CDVInAppBrowser.h"; path = "cordova-plugin-inappbrowser/CDVInAppBrowser.h"; sourceTree = "<group>"; fileEncoding = 4; lastKnownFileType = sourcecode.c.h; explicitFileType = undefined; includeInIndex = 0; };
		82BDA52DEB404C878361A99B /* CDVSound.m */ = {isa = PBXFileReference; name = "CDVSound.m"; path = "cordova-plugin-media/CDVSound.m"; sourceTree = "<group>"; fileEncoding = 4; lastKnownFileType = sourcecode.c.objc; explicitFileType = undefined; includeInIndex = 0; };
		C9275E526F694476A014834F /* CDVSound.h */ = {isa = PBXFileReference; name = "CDVSound.h"; path = "cordova-plugin-media/CDVSound.h"; sourceTree = "<group>"; fileEncoding = 4; lastKnownFileType = sourcecode.c.h; explicitFileType = undefined; includeInIndex = 0; };
		A53940B6D63D4D9195814945 /* CDVCapture.m */ = {isa = PBXFileReference; name = "CDVCapture.m"; path = "cordova-plugin-media-capture/CDVCapture.m"; sourceTree = "<group>"; fileEncoding = 4; lastKnownFileType = sourcecode.c.objc; explicitFileType = undefined; includeInIndex = 0; };
		DA09ACCC198F484893DCA3F2 /* CDVCapture.h */ = {isa = PBXFileReference; name = "CDVCapture.h"; path = "cordova-plugin-media-capture/CDVCapture.h"; sourceTree = "<group>"; fileEncoding = 4; lastKnownFileType = sourcecode.c.h; explicitFileType = undefined; includeInIndex = 0; };
		2BB519FB92F24DE79BAC3252 /* CDVCapture.bundle */ = {isa = PBXFileReference; name = "CDVCapture.bundle"; path = "CDVCapture.bundle"; sourceTree = "<group>"; fileEncoding = undefined; lastKnownFileType = wrapper.plug-in; explicitFileType = undefined; includeInIndex = 0; };
		642BA12C42CB421DA2400559 /* CDVConnection.m */ = {isa = PBXFileReference; name = "CDVConnection.m"; path = "cordova-plugin-network-information/CDVConnection.m"; sourceTree = "<group>"; fileEncoding = 4; lastKnownFileType = sourcecode.c.objc; explicitFileType = undefined; includeInIndex = 0; };
		A730EB0BCC184B06AAB1D424 /* CDVReachability.m */ = {isa = PBXFileReference; name = "CDVReachability.m"; path = "cordova-plugin-network-information/CDVReachability.m"; sourceTree = "<group>"; fileEncoding = 4; lastKnownFileType = sourcecode.c.objc; explicitFileType = undefined; includeInIndex = 0; };
		163632FA4E424303BA4B8088 /* CDVConnection.h */ = {isa = PBXFileReference; name = "CDVConnection.h"; path = "cordova-plugin-network-information/CDVConnection.h"; sourceTree = "<group>"; fileEncoding = 4; lastKnownFileType = sourcecode.c.h; explicitFileType = undefined; includeInIndex = 0; };
		70283A1A7D384318A5BCE848 /* CDVReachability.h */ = {isa = PBXFileReference; name = "CDVReachability.h"; path = "cordova-plugin-network-information/CDVReachability.h"; sourceTree = "<group>"; fileEncoding = 4; lastKnownFileType = sourcecode.c.h; explicitFileType = undefined; includeInIndex = 0; };
		BEDA857389B74BC4ACEC4E50 /* SystemConfiguration.framework */ = {isa = PBXFileReference; name = "SystemConfiguration.framework"; path = "System/Library/Frameworks/SystemConfiguration.framework"; sourceTree = SDKROOT; fileEncoding = undefined; lastKnownFileType = wrapper.framework; explicitFileType = undefined; includeInIndex = 0; };
		4DD1BFF981294659AF84F2BA /* CoreTelephony.framework */ = {isa = PBXFileReference; name = "CoreTelephony.framework"; path = "System/Library/Frameworks/CoreTelephony.framework"; sourceTree = SDKROOT; fileEncoding = undefined; lastKnownFileType = wrapper.framework; explicitFileType = undefined; includeInIndex = 0; };
		56C5196947EF4CF996044FEB /* CDVSplashScreen.m */ = {isa = PBXFileReference; name = "CDVSplashScreen.m"; path = "cordova-plugin-splashscreen/CDVSplashScreen.m"; sourceTree = "<group>"; fileEncoding = 4; lastKnownFileType = sourcecode.c.objc; explicitFileType = undefined; includeInIndex = 0; };
		A448A321FEB34565AC4D3A05 /* CDVViewController+SplashScreen.m */ = {isa = PBXFileReference; name = "CDVViewController+SplashScreen.m"; path = "cordova-plugin-splashscreen/CDVViewController+SplashScreen.m"; sourceTree = "<group>"; fileEncoding = 4; lastKnownFileType = sourcecode.c.objc; explicitFileType = undefined; includeInIndex = 0; };
		29A3D7CF986D4F15884DCBAF /* CDVSplashScreen.h */ = {isa = PBXFileReference; name = "CDVSplashScreen.h"; path = "cordova-plugin-splashscreen/CDVSplashScreen.h"; sourceTree = "<group>"; fileEncoding = 4; lastKnownFileType = sourcecode.c.h; explicitFileType = undefined; includeInIndex = 0; };
		62235C7F9E984A2C8710BFB9 /* CDVViewController+SplashScreen.h */ = {isa = PBXFileReference; name = "CDVViewController+SplashScreen.h"; path = "cordova-plugin-splashscreen/CDVViewController+SplashScreen.h"; sourceTree = "<group>"; fileEncoding = 4; lastKnownFileType = sourcecode.c.h; explicitFileType = undefined; includeInIndex = 0; };
		6768E2466C4345E68FEAC1BC /* CDVStatusBar.m */ = {isa = PBXFileReference; name = "CDVStatusBar.m"; path = "cordova-plugin-statusbar/CDVStatusBar.m"; sourceTree = "<group>"; fileEncoding = 4; lastKnownFileType = sourcecode.c.objc; explicitFileType = undefined; includeInIndex = 0; };
		74E2275AA3F940629D1C8E08 /* CDVStatusBar.h */ = {isa = PBXFileReference; name = "CDVStatusBar.h"; path = "cordova-plugin-statusbar/CDVStatusBar.h"; sourceTree = "<group>"; fileEncoding = 4; lastKnownFileType = sourcecode.c.h; explicitFileType = undefined; includeInIndex = 0; };
		A7D18D420846454A9D23D281 /* CDVVibration.m */ = {isa = PBXFileReference; name = "CDVVibration.m"; path = "cordova-plugin-vibration/CDVVibration.m"; sourceTree = "<group>"; fileEncoding = 4; lastKnownFileType = sourcecode.c.objc; explicitFileType = undefined; includeInIndex = 0; };
		F9B8B43D5C724390A590DA1A /* CDVVibration.h */ = {isa = PBXFileReference; name = "CDVVibration.h"; path = "cordova-plugin-vibration/CDVVibration.h"; sourceTree = "<group>"; fileEncoding = 4; lastKnownFileType = sourcecode.c.h; explicitFileType = undefined; includeInIndex = 0; };
		A62FC31913744E9BBD474357 /* IonicKeyboard.m */ = {isa = PBXFileReference; name = "IonicKeyboard.m"; path = "ionic-plugin-keyboard/IonicKeyboard.m"; sourceTree = "<group>"; fileEncoding = 4; lastKnownFileType = sourcecode.c.objc; explicitFileType = undefined; includeInIndex = 0; };
		7C760BCDE6424B1880CC8FB7 /* IonicKeyboard.h */ = {isa = PBXFileReference; name = "IonicKeyboard.h"; path = "ionic-plugin-keyboard/IonicKeyboard.h"; sourceTree = "<group>"; fileEncoding = 4; lastKnownFileType = sourcecode.c.h; explicitFileType = undefined; includeInIndex = 0; };
/* End PBXFileReference section */

/* Begin PBXFrameworksBuildPhase section */
		1D60588F0D05DD3D006BFB54 /* Frameworks */ = {
			isa = PBXFrameworksBuildPhase;
			buildActionMask = 2147483647;
			files = (
				301BF552109A68D80062928A /* libCordova.a in Frameworks */,
				54C57C8A0CA54A1E9A8BEDB6 /* ImageIO.framework in Frameworks */,
				0051CACE5ABA4267B9EF5D60 /* CoreLocation.framework in Frameworks */,
				3C291B64D3FA41F8AEF04FBF /* AVFoundation.framework in Frameworks */,
				98A1BC12DA054056A299104A /* AddressBook.framework in Frameworks */,
				2ACEA767579B4ACCB013C674 /* AddressBookUI.framework in Frameworks */,
				AC20AA209A684747ACA01D96 /* CoreMotion.framework in Frameworks */,
				1752B67194CD4815A82EE100 /* AudioToolbox.framework in Frameworks */,
				A04A07E7051A4CE894174A0C /* SystemConfiguration.framework in Frameworks */,
				75EAC7FBB4D94D22BB4141D1 /* CoreTelephony.framework in Frameworks */,
			);
			runOnlyForDeploymentPostprocessing = 0;
		};
/* End PBXFrameworksBuildPhase section */

/* Begin PBXGroup section */
		080E96DDFE201D6D7F000001 /* Classes */ = {
			isa = PBXGroup;
			children = (
				302D95EE14D2391D003F00A1 /* MainViewController.h */,
				302D95EF14D2391D003F00A1 /* MainViewController.m */,
				302D95F014D2391D003F00A1 /* MainViewController.xib */,
				1D3623240D0F684500981E51 /* AppDelegate.h */,
				1D3623250D0F684500981E51 /* AppDelegate.m */,
			);
			name = Classes;
			path = "phd911/Classes";
			sourceTree = SOURCE_ROOT;
		};
		19C28FACFE9D520D11CA2CBB /* Products */ = {
			isa = PBXGroup;
			children = (
				1D6058910D05DD3D006BFB54 /* phd911.app */,
			);
			name = Products;
			sourceTree = "<group>";
		};
		29B97314FDCFA39411CA2CEA /* CustomTemplate */ = {
			isa = PBXGroup;
			children = (
				EB87FDF41871DAF40020F90C /* config.xml */,
				EB87FDF31871DA8E0020F90C /* www */,
				EB87FDF11871DA420020F90C /* Staging */,
				301BF52D109A57CC0062928A /* CordovaLib.xcodeproj */,
				080E96DDFE201D6D7F000001 /* Classes */,
				307C750510C5A3420062BCA9 /* Plugins */,
				29B97315FDCFA39411CA2CEA /* Other Sources */,
				29B97317FDCFA39411CA2CEA /* Resources */,
				29B97323FDCFA39411CA2CEA /* Frameworks */,
				19C28FACFE9D520D11CA2CBB /* Products */,
			);
			name = CustomTemplate;
			sourceTree = "<group>";
		};
		29B97315FDCFA39411CA2CEA /* Other Sources */ = {
			isa = PBXGroup;
			children = (
				32CA4F630368D1EE00C91783 /* phd911-Prefix.pch */,
				29B97316FDCFA39411CA2CEA /* main.m */,
				ED33DF2A687741AEAF9F8254 /* Bridging-Header.h */,
			);
			name = "Other Sources";
			path = "phd911";
			sourceTree = "<group>";
		};
		29B97317FDCFA39411CA2CEA /* Resources */ = {
			isa = PBXGroup;
			children = (
				0207DA571B56EA530066E2B4 /* Images.xcassets */,
				3047A50E1AB8057F00498E2A /* config */,
				8D1107310486CEB800E47090 /* phd911-Info.plist */,
				EA0269B886DC4CD685073205 /* CDVNotification.bundle */,
				2BB519FB92F24DE79BAC3252 /* CDVCapture.bundle */,
			);
			name = Resources;
			path = "phd911/Resources";
			sourceTree = "<group>";
		};
		29B97323FDCFA39411CA2CEA /* Frameworks */ = {
			isa = PBXGroup;
			children = (
				49A6A7231E074BEC948ABB5A /* ImageIO.framework */,
				7B69BD37D0644697A17E8EA7 /* CoreLocation.framework */,
				8FA80AEA528A4BE2984962AE /* AVFoundation.framework */,
				6677A9B4888A41C8B11E4BE1 /* AddressBook.framework */,
				0BF56F0281DE4B68B9836098 /* AddressBookUI.framework */,
				23B7082FE20349DF97968D9F /* CoreMotion.framework */,
				0573F350407444D0AAFE7FCC /* AudioToolbox.framework */,
				BEDA857389B74BC4ACEC4E50 /* SystemConfiguration.framework */,
				4DD1BFF981294659AF84F2BA /* CoreTelephony.framework */,
			);
			name = Frameworks;
			sourceTree = "<group>";
		};
		301BF52E109A57CC0062928A /* Products */ = {
			isa = PBXGroup;
			children = (
				301BF535109A57CC0062928A /* libCordova.a */,
			);
			name = Products;
			sourceTree = "<group>";
		};
		3047A50E1AB8057F00498E2A /* config */ = {
			isa = PBXGroup;
			children = (
				3047A50F1AB8059700498E2A /* build-debug.xcconfig */,
				3047A5101AB8059700498E2A /* build-release.xcconfig */,
				3047A5111AB8059700498E2A /* build.xcconfig */,
			);
			name = config;
			sourceTree = "<group>";
		};
		307C750510C5A3420062BCA9 /* Plugins */ = {
			isa = PBXGroup;
			children = (
				0AACAD9430F347C29819C5F8 /* CDVBattery.m */,
				0A601F0CA99341B6829E2348 /* CDVBattery.h */,
				234E27816EF344828BA7085F /* UIImage+CropScaleOrientation.m */,
				03333F9C5F9940C785E6BC32 /* CDVCamera.m */,
				62BBF14AC30F442C8A6B47FC /* CDVJpegHeaderWriter.m */,
				4183746914C3447B9DA22B87 /* UIImage+CropScaleOrientation.h */,
				747B408B3701466385D6BD85 /* CDVCamera.h */,
				5BF58FFF99D443DEB80F54FD /* CDVJpegHeaderWriter.h */,
				432C36B817CB4CC4B0D9828E /* CDVExif.h */,
				A75541B778B64518A1D725AC /* CDVLogger.m */,
				558F90D82D5D4A7280A129CE /* CDVLogger.h */,
				315C3C7B8A9B4CC9B1DDF8FF /* CDVContacts.m */,
				7427642EF6764DE0BB4AA68A /* CDVContact.m */,
				79502FE241E0496FB748A0D8 /* CDVContacts.h */,
				8990E7632FB545BDB027AF28 /* CDVContact.h */,
				E9193EA0A1D5470FAA8BC973 /* CDVDevice.m */,
				223CC7F85DF441C2B98AE222 /* CDVDevice.h */,
				99A0ACB669224A3AAC05CC5C /* CDVAccelerometer.m */,
				487D25655D444CA18FDEE19D /* CDVAccelerometer.h */,
				D1C39FD794054D2B883E958C /* CDVCompass.m */,
				55D2D17D5F6145C08F3EB590 /* CDVCompass.h */,
				8EB678B55F994EB5AB593D1A /* CDVNotification.m */,
				C47A0D0F91A54217B00AF344 /* CDVNotification.h */,
				D3FBA43F1D744D029EE1ACB7 /* CDVFile.m */,
				9522B858296341E98B5D8461 /* CDVLocalFilesystem.m */,
				2DF453CC1BAF48F597356317 /* CDVAssetLibraryFilesystem.m */,
				F0B6D4322959409FB3D29B67 /* CDVFile.h */,
				629B0E695EC04FDE8E83AF41 /* CDVLocalFilesystem.h */,
				04DDE83AE24942F1B2D36073 /* CDVAssetLibraryFilesystem.h */,
				94A2E6BFA46B4848A78EC4A2 /* CDVFileTransfer.m */,
				A7518C0069D14A1FA8A36B21 /* CDVFileTransfer.h */,
				AE7E80CD37DF4444B8D3C724 /* CDVLocation.m */,
				5AD332761A994180940A56CE /* CDVLocation.h */,
				6263FD6BD5DF4C2C916A1C9B /* CDVGlobalization.m */,
				9D0E555C64214C5F9B74AC10 /* CDVGlobalization.h */,
				D2240AA0D6164624B71994A0 /* CDVInAppBrowser.m */,
				830F9DD6898F412492B56490 /* CDVInAppBrowser.h */,
				82BDA52DEB404C878361A99B /* CDVSound.m */,
				C9275E526F694476A014834F /* CDVSound.h */,
				A53940B6D63D4D9195814945 /* CDVCapture.m */,
				DA09ACCC198F484893DCA3F2 /* CDVCapture.h */,
				642BA12C42CB421DA2400559 /* CDVConnection.m */,
				A730EB0BCC184B06AAB1D424 /* CDVReachability.m */,
				163632FA4E424303BA4B8088 /* CDVConnection.h */,
				70283A1A7D384318A5BCE848 /* CDVReachability.h */,
				56C5196947EF4CF996044FEB /* CDVSplashScreen.m */,
				A448A321FEB34565AC4D3A05 /* CDVViewController+SplashScreen.m */,
				29A3D7CF986D4F15884DCBAF /* CDVSplashScreen.h */,
				62235C7F9E984A2C8710BFB9 /* CDVViewController+SplashScreen.h */,
				6768E2466C4345E68FEAC1BC /* CDVStatusBar.m */,
				74E2275AA3F940629D1C8E08 /* CDVStatusBar.h */,
				A7D18D420846454A9D23D281 /* CDVVibration.m */,
				F9B8B43D5C724390A590DA1A /* CDVVibration.h */,
				A62FC31913744E9BBD474357 /* IonicKeyboard.m */,
				7C760BCDE6424B1880CC8FB7 /* IonicKeyboard.h */,
			);
			name = Plugins;
			path = "phd911/Plugins";
			sourceTree = SOURCE_ROOT;
		};
		EB87FDF11871DA420020F90C /* Staging */ = {
			isa = PBXGroup;
			children = (
				F840E1F0165FE0F500CFE078 /* config.xml */,
				301BF56E109A69640062928A /* www */,
			);
			name = Staging;
			sourceTree = "<group>";
		};
/* End PBXGroup section */

/* Begin PBXNativeTarget section */
		1D6058900D05DD3D006BFB54 /* phd911 */ = {
			isa = PBXNativeTarget;
			buildConfigurationList = 1D6058960D05DD3E006BFB54 /* Build configuration list for PBXNativeTarget "phd911" */;
			buildPhases = (
				304B58A110DAC018002A0835 /* Copy www directory */,
				1D60588D0D05DD3D006BFB54 /* Resources */,
				1D60588E0D05DD3D006BFB54 /* Sources */,
				1D60588F0D05DD3D006BFB54 /* Frameworks */,
			);
			buildRules = (
			);
			dependencies = (
				301BF551109A68C00062928A /* PBXTargetDependency */,
			);
			name = "phd911";
			productName = "phd911";
			productReference = 1D6058910D05DD3D006BFB54 /* phd911.app */;
			productType = "com.apple.product-type.application";
		};
/* End PBXNativeTarget section */

/* Begin PBXProject section */
		29B97313FDCFA39411CA2CEA /* Project object */ = {
			isa = PBXProject;
			attributes = {
				LastUpgradeCheck = 510;
			};
			buildConfigurationList = C01FCF4E08A954540054247B /* Build configuration list for PBXProject "__NON-CLI__" */;
			compatibilityVersion = "Xcode 3.2";
			developmentRegion = English;
			hasScannedForEncodings = 1;
			mainGroup = 29B97314FDCFA39411CA2CEA /* CustomTemplate */;
			projectDirPath = "";
			projectReferences = (
				{
					ProductGroup = 301BF52E109A57CC0062928A /* Products */;
					ProjectRef = 301BF52D109A57CC0062928A /* CordovaLib.xcodeproj */;
				},
			);
			projectRoot = "";
			targets = (
				1D6058900D05DD3D006BFB54 /* phd911 */,
			);
		};
/* End PBXProject section */

/* Begin PBXReferenceProxy section */
		301BF535109A57CC0062928A /* libCordova.a */ = {
			isa = PBXReferenceProxy;
			fileType = archive.ar;
			path = libCordova.a;
			remoteRef = 301BF534109A57CC0062928A /* PBXContainerItemProxy */;
			sourceTree = BUILT_PRODUCTS_DIR;
		};
/* End PBXReferenceProxy section */

/* Begin PBXResourcesBuildPhase section */
		1D60588D0D05DD3D006BFB54 /* Resources */ = {
			isa = PBXResourcesBuildPhase;
			buildActionMask = 2147483647;
			files = (
				302D95F214D2391D003F00A1 /* MainViewController.xib in Resources */,
				0207DA581B56EA530066E2B4 /* Images.xcassets in Resources */,
				1A0FED9C157E4A88942C8B38 /* CDVNotification.bundle in Resources */,
				D73D1009FB2E40D29A75BA4E /* CDVCapture.bundle in Resources */,
			);
			runOnlyForDeploymentPostprocessing = 0;
		};
/* End PBXResourcesBuildPhase section */

/* Begin PBXShellScriptBuildPhase section */
		304B58A110DAC018002A0835 /* Copy www directory */ = {
			isa = PBXShellScriptBuildPhase;
			buildActionMask = 2147483647;
			files = (
			);
			inputPaths = (
			);
			name = "Copy www directory";
			outputPaths = (
			);
			runOnlyForDeploymentPostprocessing = 0;
			shellPath = /bin/sh;
			shellScript = "NODEJS_PATH=/usr/local/bin; NVM_NODE_PATH=~/.nvm/versions/node/`nvm version 2>/dev/null`/bin; N_NODE_PATH=`find /usr/local/n/versions/node/* -maxdepth 0 -type d 2>/dev/null | tail -1`/bin; XCODE_NODE_PATH=`xcode-select --print-path`/usr/share/xcs/Node/bin; PATH=$NODEJS_PATH:$NVM_NODE_PATH:$N_NODE_PATH:$XCODE_NODE_PATH:$PATH && node cordova/lib/copy-www-build-step.js";
			showEnvVarsInLog = 0;
		};
/* End PBXShellScriptBuildPhase section */

/* Begin PBXSourcesBuildPhase section */
		1D60588E0D05DD3D006BFB54 /* Sources */ = {
			isa = PBXSourcesBuildPhase;
			buildActionMask = 2147483647;
			files = (
				1D60589B0D05DD56006BFB54 /* main.m in Sources */,
				1D3623260D0F684500981E51 /* AppDelegate.m in Sources */,
				302D95F114D2391D003F00A1 /* MainViewController.m in Sources */,
				437369FC75C14B768B26DB10 /* CDVBattery.m in Sources */,
				655FAC8E31D04F53B3DCBA12 /* UIImage+CropScaleOrientation.m in Sources */,
				880BD7C159714935A9318CAB /* CDVCamera.m in Sources */,
				9838A12255C5449B81B25C64 /* CDVJpegHeaderWriter.m in Sources */,
				6FC44F8CBB07416590F2015D /* CDVLogger.m in Sources */,
				AFBE0208D7384CE6A1115E3D /* CDVContacts.m in Sources */,
				A9774E6636774AC79754E97E /* CDVContact.m in Sources */,
				49A08BB4F63A406D8A51AF92 /* CDVDevice.m in Sources */,
				96156DFCCFE343618A175D27 /* CDVAccelerometer.m in Sources */,
				9E49F3347AE549DC86B7C84B /* CDVCompass.m in Sources */,
				9F6AEEE7BAE040A183ACB3B6 /* CDVNotification.m in Sources */,
				B6A4D0C6E39247109D5C4ABD /* CDVFile.m in Sources */,
				91E5EACAA3F745B2B84543E0 /* CDVLocalFilesystem.m in Sources */,
				2B6A15F148684A99B3CEDAF8 /* CDVAssetLibraryFilesystem.m in Sources */,
				692B262A9A9F483FBC762BB9 /* CDVFileTransfer.m in Sources */,
				4D47DC5C76324831B79321AF /* CDVLocation.m in Sources */,
				5CCA006877D74DFFA6B4B986 /* CDVGlobalization.m in Sources */,
				2C55274510874571AC4815EE /* CDVInAppBrowser.m in Sources */,
				5FC2FF01DD9D4AA194BA3F49 /* CDVSound.m in Sources */,
				ECE37D0E233B47898B0240DD /* CDVCapture.m in Sources */,
				9BEC7670ECBF409584F0E451 /* CDVConnection.m in Sources */,
				AA47BB41D54B48E6AC0FBF2E /* CDVReachability.m in Sources */,
				C5616987EB894D29BFD7C9F0 /* CDVSplashScreen.m in Sources */,
				890B1FBB049245E0825382A1 /* CDVViewController+SplashScreen.m in Sources */,
				3E7A710125E14755ABBE01CC /* CDVStatusBar.m in Sources */,
				F27B444D8B8645748EE281C3 /* CDVVibration.m in Sources */,
				957D6AFCDD6F4A52802D5DEB /* IonicKeyboard.m in Sources */,
			);
			runOnlyForDeploymentPostprocessing = 0;
		};
/* End PBXSourcesBuildPhase section */

/* Begin PBXTargetDependency section */
		301BF551109A68C00062928A /* PBXTargetDependency */ = {
			isa = PBXTargetDependency;
			name = CordovaLib;
			targetProxy = 301BF550109A68C00062928A /* PBXContainerItemProxy */;
		};
/* End PBXTargetDependency section */

/* Begin XCBuildConfiguration section */
		1D6058940D05DD3E006BFB54 /* Debug */ = {
			isa = XCBuildConfiguration;
			baseConfigurationReference = 3047A50F1AB8059700498E2A /* build-debug.xcconfig */;
			buildSettings = {
				ALWAYS_SEARCH_USER_PATHS = NO;
				ASSETCATALOG_COMPILER_APPICON_NAME = AppIcon;
				ASSETCATALOG_COMPILER_LAUNCHIMAGE_NAME = LaunchImage;
				CLANG_ENABLE_MODULES = YES;
				CLANG_ENABLE_OBJC_ARC = YES;
				COPY_PHASE_STRIP = NO;
				GCC_DYNAMIC_NO_PIC = NO;
				GCC_OPTIMIZATION_LEVEL = 0;
				GCC_PRECOMPILE_PREFIX_HEADER = YES;
				GCC_PREFIX_HEADER = "phd911/phd911-Prefix.pch";
				GCC_THUMB_SUPPORT = NO;
				GCC_VERSION = "";
				INFOPLIST_FILE = "phd911/phd911-Info.plist";
				LD_RUNPATH_SEARCH_PATHS = "@executable_path/Frameworks";
				PRODUCT_NAME = "phd911";
			};
			name = Debug;
		};
		1D6058950D05DD3E006BFB54 /* Release */ = {
			isa = XCBuildConfiguration;
			baseConfigurationReference = 3047A5101AB8059700498E2A /* build-release.xcconfig */;
			buildSettings = {
				ALWAYS_SEARCH_USER_PATHS = NO;
				ASSETCATALOG_COMPILER_APPICON_NAME = AppIcon;
				ASSETCATALOG_COMPILER_LAUNCHIMAGE_NAME = LaunchImage;
				CLANG_ENABLE_MODULES = YES;
				CLANG_ENABLE_OBJC_ARC = YES;
				COPY_PHASE_STRIP = YES;
				GCC_PRECOMPILE_PREFIX_HEADER = YES;
				GCC_PREFIX_HEADER = "phd911/phd911-Prefix.pch";
				GCC_THUMB_SUPPORT = NO;
				GCC_VERSION = "";
				INFOPLIST_FILE = "phd911/phd911-Info.plist";
				PRODUCT_NAME = "phd911";
			};
			name = Release;
		};
		C01FCF4F08A954540054247B /* Debug */ = {
			isa = XCBuildConfiguration;
			baseConfigurationReference = 3047A5111AB8059700498E2A /* build.xcconfig */;
			buildSettings = {
				CLANG_ENABLE_MODULES = YES;
				CLANG_ENABLE_OBJC_ARC = YES;
				CLANG_WARN_BOOL_CONVERSION = YES;
				CLANG_WARN_CONSTANT_CONVERSION = YES;
				CLANG_WARN_EMPTY_BODY = YES;
				CLANG_WARN_ENUM_CONVERSION = YES;
				CLANG_WARN_INT_CONVERSION = YES;
				CLANG_WARN__DUPLICATE_METHOD_MATCH = YES;
				GCC_C_LANGUAGE_STANDARD = c99;
				GCC_THUMB_SUPPORT = NO;
				GCC_VERSION = "";
				GCC_WARN_ABOUT_RETURN_TYPE = YES;
				GCC_WARN_UNDECLARED_SELECTOR = YES;
				GCC_WARN_UNINITIALIZED_AUTOS = YES;
				GCC_WARN_UNUSED_FUNCTION = YES;
				GCC_WARN_UNUSED_VARIABLE = YES;
				ONLY_ACTIVE_ARCH = YES;
				SDKROOT = iphoneos;
				SKIP_INSTALL = NO;
			};
			name = Debug;
		};
		C01FCF5008A954540054247B /* Release */ = {
			isa = XCBuildConfiguration;
			baseConfigurationReference = 3047A5111AB8059700498E2A /* build.xcconfig */;
			buildSettings = {
				CLANG_ENABLE_MODULES = YES;
				CLANG_ENABLE_OBJC_ARC = YES;
				CLANG_WARN_BOOL_CONVERSION = YES;
				CLANG_WARN_CONSTANT_CONVERSION = YES;
				CLANG_WARN_EMPTY_BODY = YES;
				CLANG_WARN_ENUM_CONVERSION = YES;
				CLANG_WARN_INT_CONVERSION = YES;
				CLANG_WARN__DUPLICATE_METHOD_MATCH = YES;
				GCC_C_LANGUAGE_STANDARD = c99;
				GCC_THUMB_SUPPORT = NO;
				GCC_VERSION = "";
				GCC_WARN_ABOUT_RETURN_TYPE = YES;
				GCC_WARN_UNDECLARED_SELECTOR = YES;
				GCC_WARN_UNINITIALIZED_AUTOS = YES;
				GCC_WARN_UNUSED_FUNCTION = YES;
				GCC_WARN_UNUSED_VARIABLE = YES;
				SDKROOT = iphoneos;
				SKIP_INSTALL = NO;
			};
			name = Release;
		};
/* End XCBuildConfiguration section */

/* Begin XCConfigurationList section */
		1D6058960D05DD3E006BFB54 /* Build configuration list for PBXNativeTarget "phd911" */ = {
			isa = XCConfigurationList;
			buildConfigurations = (
				1D6058940D05DD3E006BFB54 /* Debug */,
				1D6058950D05DD3E006BFB54 /* Release */,
			);
			defaultConfigurationIsVisible = 0;
			defaultConfigurationName = Release;
		};
		C01FCF4E08A954540054247B /* Build configuration list for PBXProject "__NON-CLI__" */ = {
			isa = XCConfigurationList;
			buildConfigurations = (
				C01FCF4F08A954540054247B /* Debug */,
				C01FCF5008A954540054247B /* Release */,
			);
			defaultConfigurationIsVisible = 0;
			defaultConfigurationName = Release;
		};
/* End XCConfigurationList section */
	};
	rootObject = 29B97313FDCFA39411CA2CEA /* Project object */;
}
